
Microsoft Visual Studio Solution File, Format Version 12.00
# Visual Studio Version 16
VisualStudioVersion = 16.0.29209.62
MinimumVisualStudioVersion = 10.0.40219.1
Project("{FAE04EC0-301F-11D3-BF4B-00C04F79EFBC}") = "Editor de Grafos", "Editor de Grafos.csproj", "{BE043B66-0867-49E4-B10F-7CFFE33BED50}"
EndProject
Global
	GlobalSection(SolutionConfigurationPlatforms) = preSolution
		Debug|Any CPU = Debug|Any CPU
		Release|Any CPU = Release|Any CPU
	EndGlobalSection
	GlobalSection(ProjectConfigurationPlatforms) = postSolution
		{BE043B66-0867-49E4-B10F-7CFFE33BED50}.Debug|Any CPU.ActiveCfg = Debug|Any CPU
		{BE043B66-0867-49E4-B10F-7CFFE33BED50}.Debug|Any CPU.Build.0 = Debug|Any CPU
		{BE043B66-0867-49E4-B10F-7CFFE33BED50}.Release|Any CPU.ActiveCfg = Release|Any CPU
		{BE043B66-0867-49E4-B10F-7CFFE33BED50}.Release|Any CPU.Build.0 = Release|Any CPU
	EndGlobalSection
	GlobalSection(SolutionProperties) = preSolution
		HideSolutionNode = FALSE
	EndGlobalSection
	GlobalSection(ExtensibilityGlobals) = postSolution
		SolutionGuid = {E1AEF62D-E8D7-49AE-9698-54546E029AFA}
	EndGlobalSection
EndGlobal
